// !$*UTF8*$!
{
	archiveVersion = 1;
	classes = {
	};
	objectVersion = 50;
	objects = {

/* Begin PBXBuildFile section */
		E72C56F621009A8D00857376 /* AppDelegate.swift in Sources */ = {isa = PBXBuildFile; fileRef = E72C56F521009A8D00857376 /* AppDelegate.swift */; };
		E72C56F821009A8D00857376 /* ViewController.swift in Sources */ = {isa = PBXBuildFile; fileRef = E72C56F721009A8D00857376 /* ViewController.swift */; };
		E72C56FB21009A8D00857376 /* Main.storyboard in Resources */ = {isa = PBXBuildFile; fileRef = E72C56F921009A8D00857376 /* Main.storyboard */; };
		E72C56FD21009A9100857376 /* Assets.xcassets in Resources */ = {isa = PBXBuildFile; fileRef = E72C56FC21009A9100857376 /* Assets.xcassets */; };
		E72C570021009A9100857376 /* LaunchScreen.storyboard in Resources */ = {isa = PBXBuildFile; fileRef = E72C56FE21009A9100857376 /* LaunchScreen.storyboard */; };
		E72C571321009AFC00857376 /* Montblanc.framework in Frameworks */ = {isa = PBXBuildFile; fileRef = E72C570E21009A9C00857376 /* Montblanc.framework */; };
		E72C571421009AFC00857376 /* Montblanc.framework in Embed Frameworks */ = {isa = PBXBuildFile; fileRef = E72C570E21009A9C00857376 /* Montblanc.framework */; settings = {ATTRIBUTES = (CodeSignOnCopy, RemoveHeadersOnCopy, ); }; };
/* End PBXBuildFile section */

/* Begin PBXContainerItemProxy section */
		E72C570D21009A9C00857376 /* PBXContainerItemProxy */ = {
			isa = PBXContainerItemProxy;
			containerPortal = E72C570721009A9C00857376 /* Montblanc.xcodeproj */;
			proxyType = 2;
			remoteGlobalIDString = E74B705B2100760D00F9E4EC;
			remoteInfo = Montblanc;
		};
		E72C570F21009A9C00857376 /* PBXContainerItemProxy */ = {
			isa = PBXContainerItemProxy;
			containerPortal = E72C570721009A9C00857376 /* Montblanc.xcodeproj */;
			proxyType = 2;
			remoteGlobalIDString = E74B70642100760D00F9E4EC;
			remoteInfo = MontblancTests;
		};
		E72C571121009A9C00857376 /* PBXContainerItemProxy */ = {
			isa = PBXContainerItemProxy;
			containerPortal = E72C570721009A9C00857376 /* Montblanc.xcodeproj */;
			proxyType = 2;
			remoteGlobalIDString = E74B708F210076AF00F9E4EC;
			remoteInfo = "Montblanc OSX";
		};
		E72C571521009AFC00857376 /* PBXContainerItemProxy */ = {
			isa = PBXContainerItemProxy;
			containerPortal = E72C570721009A9C00857376 /* Montblanc.xcodeproj */;
			proxyType = 1;
			remoteGlobalIDString = E74B705A2100760D00F9E4EC;
			remoteInfo = Montblanc;
		};
/* End PBXContainerItemProxy section */

/* Begin PBXCopyFilesBuildPhase section */
		E72C571721009AFC00857376 /* Embed Frameworks */ = {
			isa = PBXCopyFilesBuildPhase;
			buildActionMask = 2147483647;
			dstPath = "";
			dstSubfolderSpec = 10;
			files = (
				E72C571421009AFC00857376 /* Montblanc.framework in Embed Frameworks */,
			);
			name = "Embed Frameworks";
			runOnlyForDeploymentPostprocessing = 0;
		};
/* End PBXCopyFilesBuildPhase section */

/* Begin PBXFileReference section */
		E72C56F221009A8D00857376 /* MontblancExample.app */ = {isa = PBXFileReference; explicitFileType = wrapper.application; includeInIndex = 0; path = MontblancExample.app; sourceTree = BUILT_PRODUCTS_DIR; };
		E72C56F521009A8D00857376 /* AppDelegate.swift */ = {isa = PBXFileReference; lastKnownFileType = sourcecode.swift; path = AppDelegate.swift; sourceTree = "<group>"; };
		E72C56F721009A8D00857376 /* ViewController.swift */ = {isa = PBXFileReference; lastKnownFileType = sourcecode.swift; path = ViewController.swift; sourceTree = "<group>"; };
		E72C56FA21009A8D00857376 /* Base */ = {isa = PBXFileReference; lastKnownFileType = file.storyboard; name = Base; path = Base.lproj/Main.storyboard; sourceTree = "<group>"; };
		E72C56FC21009A9100857376 /* Assets.xcassets */ = {isa = PBXFileReference; lastKnownFileType = folder.assetcatalog; path = Assets.xcassets; sourceTree = "<group>"; };
		E72C56FF21009A9100857376 /* Base */ = {isa = PBXFileReference; lastKnownFileType = file.storyboard; name = Base; path = Base.lproj/LaunchScreen.storyboard; sourceTree = "<group>"; };
		E72C570121009A9100857376 /* Info.plist */ = {isa = PBXFileReference; lastKnownFileType = text.plist.xml; path = Info.plist; sourceTree = "<group>"; };
		E72C570721009A9C00857376 /* Montblanc.xcodeproj */ = {isa = PBXFileReference; lastKnownFileType = "wrapper.pb-project"; name = Montblanc.xcodeproj; path = ../Montblanc.xcodeproj; sourceTree = "<group>"; };
/* End PBXFileReference section */

/* Begin PBXFrameworksBuildPhase section */
		E72C56EF21009A8D00857376 /* Frameworks */ = {
			isa = PBXFrameworksBuildPhase;
			buildActionMask = 2147483647;
			files = (
				E72C571321009AFC00857376 /* Montblanc.framework in Frameworks */,
			);
			runOnlyForDeploymentPostprocessing = 0;
		};
/* End PBXFrameworksBuildPhase section */

/* Begin PBXGroup section */
		E72C56E921009A8D00857376 = {
			isa = PBXGroup;
			children = (
				E72C570721009A9C00857376 /* Montblanc.xcodeproj */,
				E72C56F421009A8D00857376 /* MontblancExample */,
				E72C56F321009A8D00857376 /* Products */,
			);
			sourceTree = "<group>";
		};
		E72C56F321009A8D00857376 /* Products */ = {
			isa = PBXGroup;
			children = (
				E72C56F221009A8D00857376 /* MontblancExample.app */,
			);
			name = Products;
			sourceTree = "<group>";
		};
		E72C56F421009A8D00857376 /* MontblancExample */ = {
			isa = PBXGroup;
			children = (
				E72C56F521009A8D00857376 /* AppDelegate.swift */,
				E72C56F721009A8D00857376 /* ViewController.swift */,
				E72C56F921009A8D00857376 /* Main.storyboard */,
				E72C56FC21009A9100857376 /* Assets.xcassets */,
				E72C56FE21009A9100857376 /* LaunchScreen.storyboard */,
				E72C570121009A9100857376 /* Info.plist */,
			);
			path = MontblancExample;
			sourceTree = "<group>";
		};
		E72C570821009A9C00857376 /* Products */ = {
			isa = PBXGroup;
			children = (
				E72C570E21009A9C00857376 /* Montblanc.framework */,
				E72C571021009A9C00857376 /* MontblancTests.xctest */,
				E72C571221009A9C00857376 /* Montblanc_OSX.framework */,
			);
			name = Products;
			sourceTree = "<group>";
		};
/* End PBXGroup section */

/* Begin PBXNativeTarget section */
		E72C56F121009A8D00857376 /* MontblancExample */ = {
			isa = PBXNativeTarget;
			buildConfigurationList = E72C570421009A9100857376 /* Build configuration list for PBXNativeTarget "MontblancExample" */;
			buildPhases = (
				E72C56EE21009A8D00857376 /* Sources */,
				E72C56EF21009A8D00857376 /* Frameworks */,
				E72C56F021009A8D00857376 /* Resources */,
				E72C571721009AFC00857376 /* Embed Frameworks */,
			);
			buildRules = (
			);
			dependencies = (
				E72C571621009AFC00857376 /* PBXTargetDependency */,
			);
			name = MontblancExample;
			productName = MontblancExample;
			productReference = E72C56F221009A8D00857376 /* MontblancExample.app */;
			productType = "com.apple.product-type.application";
		};
/* End PBXNativeTarget section */

/* Begin PBXProject section */
		E72C56EA21009A8D00857376 /* Project object */ = {
			isa = PBXProject;
			attributes = {
				LastSwiftUpdateCheck = 0940;
				LastUpgradeCheck = 0940;
				ORGANIZATIONNAME = "Atsuya Sato";
				TargetAttributes = {
					E72C56F121009A8D00857376 = {
						CreatedOnToolsVersion = 9.4.1;
					};
				};
			};
			buildConfigurationList = E72C56ED21009A8D00857376 /* Build configuration list for PBXProject "MontblancExample" */;
			compatibilityVersion = "Xcode 9.3";
			developmentRegion = en;
			hasScannedForEncodings = 0;
			knownRegions = (
				en,
				Base,
			);
			mainGroup = E72C56E921009A8D00857376;
			productRefGroup = E72C56F321009A8D00857376 /* Products */;
			projectDirPath = "";
			projectReferences = (
				{
					ProductGroup = E72C570821009A9C00857376 /* Products */;
					ProjectRef = E72C570721009A9C00857376 /* Montblanc.xcodeproj */;
				},
			);
			projectRoot = "";
			targets = (
				E72C56F121009A8D00857376 /* MontblancExample */,
			);
		};
/* End PBXProject section */

/* Begin PBXReferenceProxy section */
		E72C570E21009A9C00857376 /* Montblanc.framework */ = {
			isa = PBXReferenceProxy;
			fileType = wrapper.framework;
			path = Montblanc.framework;
			remoteRef = E72C570D21009A9C00857376 /* PBXContainerItemProxy */;
			sourceTree = BUILT_PRODUCTS_DIR;
		};
		E72C571021009A9C00857376 /* MontblancTests.xctest */ = {
			isa = PBXReferenceProxy;
			fileType = wrapper.cfbundle;
			path = MontblancTests.xctest;
			remoteRef = E72C570F21009A9C00857376 /* PBXContainerItemProxy */;
			sourceTree = BUILT_PRODUCTS_DIR;
		};
		E72C571221009A9C00857376 /* Montblanc_OSX.framework */ = {
			isa = PBXReferenceProxy;
			fileType = wrapper.framework;
			path = Montblanc_OSX.framework;
			remoteRef = E72C571121009A9C00857376 /* PBXContainerItemProxy */;
			sourceTree = BUILT_PRODUCTS_DIR;
		};
/* End PBXReferenceProxy section */

/* Begin PBXResourcesBuildPhase section */
		E72C56F021009A8D00857376 /* Resources */ = {
			isa = PBXResourcesBuildPhase;
			buildActionMask = 2147483647;
			files = (
				E72C570021009A9100857376 /* LaunchScreen.storyboard in Resources */,
				E72C56FD21009A9100857376 /* Assets.xcassets in Resources */,
				E72C56FB21009A8D00857376 /* Main.storyboard in Resources */,
			);
			runOnlyForDeploymentPostprocessing = 0;
		};
/* End PBXResourcesBuildPhase section */

/* Begin PBXSourcesBuildPhase section */
		E72C56EE21009A8D00857376 /* Sources */ = {
			isa = PBXSourcesBuildPhase;
			buildActionMask = 2147483647;
			files = (
				E72C56F821009A8D00857376 /* ViewController.swift in Sources */,
				E72C56F621009A8D00857376 /* AppDelegate.swift in Sources */,
			);
			runOnlyForDeploymentPostprocessing = 0;
		};
/* End PBXSourcesBuildPhase section */

/* Begin PBXTargetDependency section */
		E72C571621009AFC00857376 /* PBXTargetDependency */ = {
			isa = PBXTargetDependency;
			name = Montblanc;
			targetProxy = E72C571521009AFC00857376 /* PBXContainerItemProxy */;
		};
/* End PBXTargetDependency section */

/* Begin PBXVariantGroup section */
		E72C56F921009A8D00857376 /* Main.storyboard */ = {
			isa = PBXVariantGroup;
			children = (
				E72C56FA21009A8D00857376 /* Base */,
			);
			name = Main.storyboard;
			sourceTree = "<group>";
		};
		E72C56FE21009A9100857376 /* LaunchScreen.storyboard */ = {
			isa = PBXVariantGroup;
			children = (
				E72C56FF21009A9100857376 /* Base */,
			);
			name = LaunchScreen.storyboard;
			sourceTree = "<group>";
		};
/* End PBXVariantGroup section */

/* Begin XCBuildConfiguration section */
		E72C570221009A9100857376 /* Debug */ = {
			isa = XCBuildConfiguration;
			buildSettings = {
				ALWAYS_SEARCH_USER_PATHS = NO;
				CLANG_ANALYZER_NONNULL = YES;
				CLANG_ANALYZER_NUMBER_OBJECT_CONVERSION = YES_AGGRESSIVE;
				CLANG_CXX_LANGUAGE_STANDARD = "gnu++14";
				CLANG_CXX_LIBRARY = "libc++";
				CLANG_ENABLE_MODULES = YES;
				CLANG_ENABLE_OBJC_ARC = YES;
				CLANG_ENABLE_OBJC_WEAK = YES;
				CLANG_WARN_BLOCK_CAPTURE_AUTORELEASING = YES;
				CLANG_WARN_BOOL_CONVERSION = YES;
				CLANG_WARN_COMMA = YES;
				CLANG_WARN_CONSTANT_CONVERSION = YES;
				CLANG_WARN_DEPRECATED_OBJC_IMPLEMENTATIONS = YES;
				CLANG_WARN_DIRECT_OBJC_ISA_USAGE = YES_ERROR;
				CLANG_WARN_DOCUMENTATION_COMMENTS = YES;
				CLANG_WARN_EMPTY_BODY = YES;
				CLANG_WARN_ENUM_CONVERSION = YES;
				CLANG_WARN_INFINITE_RECURSION = YES;
				CLANG_WARN_INT_CONVERSION = YES;
				CLANG_WARN_NON_LITERAL_NULL_CONVERSION = YES;
				CLANG_WARN_OBJC_IMPLICIT_RETAIN_SELF = YES;
				CLANG_WARN_OBJC_LITERAL_CONVERSION = YES;
				CLANG_WARN_OBJC_ROOT_CLASS = YES_ERROR;
				CLANG_WARN_RANGE_LOOP_ANALYSIS = YES;
				CLANG_WARN_STRICT_PROTOTYPES = YES;
				CLANG_WARN_SUSPICIOUS_MOVE = YES;
				CLANG_WARN_UNGUARDED_AVAILABILITY = YES_AGGRESSIVE;
				CLANG_WARN_UNREACHABLE_CODE = YES;
				CLANG_WARN__DUPLICATE_METHOD_MATCH = YES;
				CODE_SIGN_IDENTITY = "iPhone Developer";
				COPY_PHASE_STRIP = NO;
				DEBUG_INFORMATION_FORMAT = dwarf;
				ENABLE_STRICT_OBJC_MSGSEND = YES;
				ENABLE_TESTABILITY = YES;
				GCC_C_LANGUAGE_STANDARD = gnu11;
				GCC_DYNAMIC_NO_PIC = NO;
				GCC_NO_COMMON_BLOCKS = YES;
				GCC_OPTIMIZATION_LEVEL = 0;
				GCC_PREPROCESSOR_DEFINITIONS = (
					"DEBUG=1",
					"$(inherited)",
				);
				GCC_WARN_64_TO_32_BIT_CONVERSION = YES;
				GCC_WARN_ABOUT_RETURN_TYPE = YES_ERROR;
				GCC_WARN_UNDECLARED_SELECTOR = YES;
				GCC_WARN_UNINITIALIZED_AUTOS = YES_AGGRESSIVE;
				GCC_WARN_UNUSED_FUNCTION = YES;
				GCC_WARN_UNUSED_VARIABLE = YES;
				IPHONEOS_DEPLOYMENT_TARGET = 11.4;
				MTL_ENABLE_DEBUG_INFO = YES;
				ONLY_ACTIVE_ARCH = YES;
				SDKROOT = iphoneos;
				SWIFT_ACTIVE_COMPILATION_CONDITIONS = DEBUG;
				SWIFT_OPTIMIZATION_LEVEL = "-Onone";
			};
			name = Debug;
		};
		E72C570321009A9100857376 /* Release */ = {
			isa = XCBuildConfiguration;
			buildSettings = {
				ALWAYS_SEARCH_USER_PATHS = NO;
				CLANG_ANALYZER_NONNULL = YES;
				CLANG_ANALYZER_NUMBER_OBJECT_CONVERSION = YES_AGGRESSIVE;
				CLANG_CXX_LANGUAGE_STANDARD = "gnu++14";
				CLANG_CXX_LIBRARY = "libc++";
				CLANG_ENABLE_MODULES = YES;
				CLANG_ENABLE_OBJC_ARC = YES;
				CLANG_ENABLE_OBJC_WEAK = YES;
				CLANG_WARN_BLOCK_CAPTURE_AUTORELEASING = YES;
				CLANG_WARN_BOOL_CONVERSION = YES;
				CLANG_WARN_COMMA = YES;
				CLANG_WARN_CONSTANT_CONVERSION = YES;
				CLANG_WARN_DEPRECATED_OBJC_IMPLEMENTATIONS = YES;
				CLANG_WARN_DIRECT_OBJC_ISA_USAGE = YES_ERROR;
				CLANG_WARN_DOCUMENTATION_COMMENTS = YES;
				CLANG_WARN_EMPTY_BODY = YES;
				CLANG_WARN_ENUM_CONVERSION = YES;
				CLANG_WARN_INFINITE_RECURSION = YES;
				CLANG_WARN_INT_CONVERSION = YES;
				CLANG_WARN_NON_LITERAL_NULL_CONVERSION = YES;
				CLANG_WARN_OBJC_IMPLICIT_RETAIN_SELF = YES;
				CLANG_WARN_OBJC_LITERAL_CONVERSION = YES;
				CLANG_WARN_OBJC_ROOT_CLASS = YES_ERROR;
				CLANG_WARN_RANGE_LOOP_ANALYSIS = YES;
				CLANG_WARN_STRICT_PROTOTYPES = YES;
				CLANG_WARN_SUSPICIOUS_MOVE = YES;
				CLANG_WARN_UNGUARDED_AVAILABILITY = YES_AGGRESSIVE;
				CLANG_WARN_UNREACHABLE_CODE = YES;
				CLANG_WARN__DUPLICATE_METHOD_MATCH = YES;
				CODE_SIGN_IDENTITY = "iPhone Developer";
				COPY_PHASE_STRIP = NO;
				DEBUG_INFORMATION_FORMAT = "dwarf-with-dsym";
				ENABLE_NS_ASSERTIONS = NO;
				ENABLE_STRICT_OBJC_MSGSEND = YES;
				GCC_C_LANGUAGE_STANDARD = gnu11;
				GCC_NO_COMMON_BLOCKS = YES;
				GCC_WARN_64_TO_32_BIT_CONVERSION = YES;
				GCC_WARN_ABOUT_RETURN_TYPE = YES_ERROR;
				GCC_WARN_UNDECLARED_SELECTOR = YES;
				GCC_WARN_UNINITIALIZED_AUTOS = YES_AGGRESSIVE;
				GCC_WARN_UNUSED_FUNCTION = YES;
				GCC_WARN_UNUSED_VARIABLE = YES;
				IPHONEOS_DEPLOYMENT_TARGET = 11.4;
				MTL_ENABLE_DEBUG_INFO = NO;
				SDKROOT = iphoneos;
				SWIFT_COMPILATION_MODE = wholemodule;
				SWIFT_OPTIMIZATION_LEVEL = "-O";
				VALIDATE_PRODUCT = YES;
			};
			name = Release;
		};
		E72C570521009A9100857376 /* Debug */ = {
			isa = XCBuildConfiguration;
			buildSettings = {
				ALWAYS_EMBED_SWIFT_STANDARD_LIBRARIES = YES;
				ASSETCATALOG_COMPILER_APPICON_NAME = AppIcon;
				CODE_SIGN_STYLE = Automatic;
				DEVELOPMENT_TEAM = DEQGLB9PU4;
				INFOPLIST_FILE = MontblancExample/Info.plist;
				LD_RUNPATH_SEARCH_PATHS = (
					"$(inherited)",
					"@executable_path/Frameworks",
				);
				PRODUCT_BUNDLE_IDENTIFIER = io.github.natmark.MontblancExample;
				PRODUCT_NAME = "$(TARGET_NAME)";
				SWIFT_VERSION = 4.0;
				TARGETED_DEVICE_FAMILY = "1,2";
			};
			name = Debug;
		};
		E72C570621009A9100857376 /* Release */ = {
			isa = XCBuildConfiguration;
			buildSettings = {
				ALWAYS_EMBED_SWIFT_STANDARD_LIBRARIES = YES;
				ASSETCATALOG_COMPILER_APPICON_NAME = AppIcon;
				CODE_SIGN_STYLE = Automatic;
				DEVELOPMENT_TEAM = DEQGLB9PU4;
				INFOPLIST_FILE = MontblancExample/Info.plist;
				LD_RUNPATH_SEARCH_PATHS = (
					"$(inherited)",
					"@executable_path/Frameworks",
				);
				PRODUCT_BUNDLE_IDENTIFIER = io.github.natmark.MontblancExample;
				PRODUCT_NAME = "$(TARGET_NAME)";
				SWIFT_VERSION = 4.0;
				TARGETED_DEVICE_FAMILY = "1,2";
			};
			name = Release;
		};
/* End XCBuildConfiguration section */

/* Begin XCConfigurationList section */
		E72C56ED21009A8D00857376 /* Build configuration list for PBXProject "MontblancExample" */ = {
			isa = XCConfigurationList;
			buildConfigurations = (
				E72C570221009A9100857376 /* Debug */,
				E72C570321009A9100857376 /* Release */,
			);
			defaultConfigurationIsVisible = 0;
			defaultConfigurationName = Release;
		};
		E72C570421009A9100857376 /* Build configuration list for PBXNativeTarget "MontblancExample" */ = {
			isa = XCConfigurationList;
			buildConfigurations = (
				E72C570521009A9100857376 /* Debug */,
				E72C570621009A9100857376 /* Release */,
			);
			defaultConfigurationIsVisible = 0;
			defaultConfigurationName = Release;
		};
/* End XCConfigurationList section */
	};
	rootObject = E72C56EA21009A8D00857376 /* Project object */;
}
